{
  "name": "github-db",
  "version": "1.0.0",
  "lockfileVersion": 1,
  "requires": true,
  "dependencies": {
    "@octokit/endpoint": {
      "version": "6.0.12",
      "resolved": "https://registry.nlark.com/@octokit/endpoint/download/@octokit/endpoint-6.0.12.tgz",
      "integrity": "sha1-O01HpLDnmxAn+4111CIZKLLQVlg=",
      "requires": {
        "@octokit/types": "^6.0.3",
        "is-plain-object": "^5.0.0",
        "universal-user-agent": "^6.0.0"
      }
    },
    "@octokit/openapi-types": {
      "version": "11.2.0",
      "resolved": "https://registry.npmmirror.com/@octokit/openapi-types/download/@octokit/openapi-types-11.2.0.tgz",
      "integrity": "sha1-s41/w3NtUqHpayMMHM1KWKL0AKY="
    },
    "@octokit/types": {
      "version": "6.34.0",
      "resolved": "https://registry.npmmirror.com/@octokit/types/download/@octokit/types-6.34.0.tgz",
      "integrity": "sha1-xgITMzNNHs+103CoeYFi3fGughg=",
      "requires": {
        "@octokit/openapi-types": "^11.2.0"
      }
    },
    "call-bind": {
      "version": "1.0.2",
      "resolved": "https://registry.nlark.com/call-bind/download/call-bind-1.0.2.tgz",
      "integrity": "sha1-sdTonmiBGcPJqQOtMKuy9qkZvjw=",
      "requires": {
        "function-bind": "^1.1.1",
        "get-intrinsic": "^1.0.2"
      }
    },
    "encoding": {
      "version": "0.1.13",
      "resolved": "https://registry.npmmirror.com/encoding/download/encoding-0.1.13.tgz",
      "integrity": "sha1-VldK/deR9UqOmyeFwFgqLSYhD6k=",
      "requires": {
        "iconv-lite": "^0.6.2"
      }
    },
    "function-bind": {
      "version": "1.1.1",
      "resolved": "https://registry.npm.taobao.org/function-bind/download/function-bind-1.1.1.tgz",
      "integrity": "sha1-pWiZ0+o8m6uHS7l3O3xe3pL0iV0="
    },
    "get-intrinsic": {
      "version": "1.1.1",
      "resolved": "https://registry.nlark.com/get-intrinsic/download/get-intrinsic-1.1.1.tgz",
      "integrity": "sha1-FfWfN2+FXERpY5SPDSTNNje0q8Y=",
      "requires": {
        "function-bind": "^1.1.1",
        "has": "^1.0.3",
        "has-symbols": "^1.0.1"
      }
    },
    "has": {
      "version": "1.0.3",
      "resolved": "https://registry.npm.taobao.org/has/download/has-1.0.3.tgz",
      "integrity": "sha1-ci18v8H2qoJB8W3YFOAR4fQeh5Y=",
      "requires": {
        "function-bind": "^1.1.1"
      }
    },
    "has-symbols": {
      "version": "1.0.2",
      "resolved": "https://registry.npm.taobao.org/has-symbols/download/has-symbols-1.0.2.tgz?cache=0&sync_timestamp=1614443577352&other_urls=https%3A%2F%2Fregistry.npm.taobao.org%2Fhas-symbols%2Fdownload%2Fhas-symbols-1.0.2.tgz",
      "integrity": "sha1-Fl0wcMADCXUqEjakeTMeOsVvFCM="
    },
    "iconv-lite": {
      "version": "0.6.3",
      "resolved": "https://registry.nlark.com/iconv-lite/download/iconv-lite-0.6.3.tgz?cache=0&other_urls=https%3A%2F%2Fregistry.nlark.com%2Ficonv-lite%2Fdownload%2Ficonv-lite-0.6.3.tgz",
      "integrity": "sha1-pS+AvzjaGVLrXGgXkHGYcaGnJQE=",
      "requires": {
        "safer-buffer": ">= 2.1.2 < 3.0.0"
      }
    },
    "is-plain-object": {
      "version": "5.0.0",
      "resolved": "https://registry.nlark.com/is-plain-object/download/is-plain-object-5.0.0.tgz?cache=0&sync_timestamp=1618846974259&other_urls=https%3A%2F%2Fregistry.nlark.com%2Fis-plain-object%2Fdownload%2Fis-plain-object-5.0.0.tgz",
      "integrity": "sha1-RCf1CrNCnpAl6n1S6QQ6nvQVk0Q="
    },
    "is-stream": {
      "version": "1.1.0",
      "resolved": "https://registry.nlark.com/is-stream/download/is-stream-1.1.0.tgz?cache=0&sync_timestamp=1628592856164&other_urls=https%3A%2F%2Fregistry.nlark.com%2Fis-stream%2Fdownload%2Fis-stream-1.1.0.tgz",
      "integrity": "sha1-EtSj3U5o4Lec6428hBc66A2RykQ="
    },
    "isomorphic-fetch": {
      "version": "2.2.1",
      "resolved": "https://registry.nlark.com/isomorphic-fetch/download/isomorphic-fetch-2.2.1.tgz",
      "integrity": "sha1-YRrhrPFPXoH3KVB0coGf6XM1WKk=",
      "requires": {
        "node-fetch": "^1.0.1",
        "whatwg-fetch": ">=0.10.0"
      },
      "dependencies": {
        "node-fetch": {
          "version": "1.7.3",
          "resolved": "https://registry.npmmirror.com/node-fetch/download/node-fetch-1.7.3.tgz",
          "integrity": "sha1-mA9vcthSEaU0fGsrwYxbhMPrR+8=",
          "requires": {
            "encoding": "^0.1.11",
            "is-stream": "^1.0.1"
          }
        }
      }
    },
    "js-base64": {
      "version": "3.7.2",
      "resolved": "https://registry.npmmirror.com/js-base64/download/js-base64-3.7.2.tgz",
      "integrity": "sha512-NnRs6dsyqUXejqk/yv2aiXlAvOs56sLkX6nUdeaNezI5LFFLlsZjOThmwnrcwh5ZZRwZlCMnVAY3CvhIhoVEKQ=="
    },
    "object-inspect": {
      "version": "1.12.0",
      "resolved": "https://registry.npmmirror.com/object-inspect/download/object-inspect-1.12.0.tgz",
      "integrity": "sha512-Ho2z80bVIvJloH+YzRmpZVQe87+qASmBUKZDWgx9cu+KDrX2ZDH/3tMy+gXbZETVGs2M8YdxObOh7XAtim9Y0g=="
    },
    "qs": {
      "version": "6.10.3",
      "resolved": "https://registry.npmmirror.com/qs/download/qs-6.10.3.tgz",
      "integrity": "sha512-wr7M2E0OFRfIfJZjKGieI8lBKb7fRCH4Fv5KNPEs7gJ8jadvotdsS08PzOKR7opXhZ/Xkjtt3WF9g38drmyRqQ==",
      "requires": {
        "side-channel": "^1.0.4"
      }
    },
    "safer-buffer": {
      "version": "2.1.2",
      "resolved": "https://registry.npm.taobao.org/safer-buffer/download/safer-buffer-2.1.2.tgz",
      "integrity": "sha1-RPoWGwGHuVSd2Eu5GAL5vYOFzWo="
    },
    "side-channel": {
      "version": "1.0.4",
      "resolved": "https://registry.npm.taobao.org/side-channel/download/side-channel-1.0.4.tgz",
      "integrity": "sha1-785cj9wQTudRslxY1CkAEfpeos8=",
      "requires": {
        "call-bind": "^1.0.0",
        "get-intrinsic": "^1.0.2",
        "object-inspect": "^1.9.0"
      }
    },
    "umi-request": {
      "version": "1.4.0",
      "resolved": "https://registry.nlark.com/umi-request/download/umi-request-1.4.0.tgz?cache=0&sync_timestamp=1631622807353&other_urls=https%3A%2F%2Fregistry.nlark.com%2Fumi-request%2Fdownload%2Fumi-request-1.4.0.tgz",
      "integrity": "sha1-7Q5U5H8EPSvgbmkUd/CJA4P53Yo=",
      "requires": {
        "isomorphic-fetch": "^2.2.1",
        "qs": "^6.9.1"
      }
    },
    "universal-user-agent": {
      "version": "6.0.0",
      "resolved": "https://registry.npmmirror.com/universal-user-agent/download/universal-user-agent-6.0.0.tgz",
      "integrity": "sha1-M4H4UDslHA2c0hvB3pOeyd9UgO4="
    },
    "whatwg-fetch": {
      "version": "3.6.2",
      "resolved": "https://registry.npm.taobao.org/whatwg-fetch/download/whatwg-fetch-3.6.2.tgz",
      "integrity": "sha1-3O0k838mJO0CgXJdUdDi4/5nf4w="
    }
  }
}
